
Microsoft Visual Studio Solution File, Format Version 12.00
# Visual Studio Version 16
VisualStudioVersion = 16.0.29123.88
MinimumVisualStudioVersion = 10.0.40219.1
Project("{FAE04EC0-301F-11D3-BF4B-00C04F79EFBC}") = "Starship", "Starship\Starship.csproj", "{7C4D050A-15C7-41B3-A96C-754367EC5F9F}"
EndProject
Global
	GlobalSection(SolutionConfigurationPlatforms) = preSolution
		Debug|Any CPU = Debug|Any CPU
		Release|Any CPU = Release|Any CPU
	EndGlobalSection
	GlobalSection(ProjectConfigurationPlatforms) = postSolution
		{7C4D050A-15C7-41B3-A96C-754367EC5F9F}.Debug|Any CPU.ActiveCfg = Debug|Any CPU
		{7C4D050A-15C7-41B3-A96C-754367EC5F9F}.Debug|Any CPU.Build.0 = Debug|Any CPU
		{7C4D050A-15C7-41B3-A96C-754367EC5F9F}.Release|Any CPU.ActiveCfg = Release|Any CPU
		{7C4D050A-15C7-41B3-A96C-754367EC5F9F}.Release|Any CPU.Build.0 = Release|Any CPU
	EndGlobalSection
	GlobalSection(SolutionProperties) = preSolution
		HideSolutionNode = FALSE
	EndGlobalSection
	GlobalSection(ExtensibilityGlobals) = postSolution
		SolutionGuid = {BE3B193B-C8B7-4CBD-8246-1CA03C31338E}
	EndGlobalSection
EndGlobal
